
Microsoft Visual Studio Solution File, Format Version 12.00
# Visual Studio 15
VisualStudioVersion = 15.0.28307.757
MinimumVisualStudioVersion = 10.0.40219.1
Project("{FAE04EC0-301F-11D3-BF4B-00C04F79EFBC}") = "AZ-209", "AZ-209\AZ-209.csproj", "{CDDA5110-C8F0-45BD-AD27-EB47307450A5}"
EndProject
Global
	GlobalSection(SolutionConfigurationPlatforms) = preSolution
		Debug|Any CPU = Debug|Any CPU
		Release|Any CPU = Release|Any CPU
	EndGlobalSection
	GlobalSection(ProjectConfigurationPlatforms) = postSolution
		{CDDA5110-C8F0-45BD-AD27-EB47307450A5}.Debug|Any CPU.ActiveCfg = Debug|Any CPU
		{CDDA5110-C8F0-45BD-AD27-EB47307450A5}.Debug|Any CPU.Build.0 = Debug|Any CPU
		{CDDA5110-C8F0-45BD-AD27-EB47307450A5}.Release|Any CPU.ActiveCfg = Release|Any CPU
		{CDDA5110-C8F0-45BD-AD27-EB47307450A5}.Release|Any CPU.Build.0 = Release|Any CPU
	EndGlobalSection
	GlobalSection(SolutionProperties) = preSolution
		HideSolutionNode = FALSE
	EndGlobalSection
	GlobalSection(ExtensibilityGlobals) = postSolution
		SolutionGuid = {B0641043-8341-404E-8131-D7D8962C27B2}
	EndGlobalSection
EndGlobal
